Microsoft Visual Studio Solution File, Format Version 12.00
# Visual Studio 2012
Project("{F184B08F-C81C-45F6-A57F-5ABD9991F28F}") = "MapPushpinTemplate", "MapPushpinTemplate\MapPushpinTemplate.vbproj", "{8B6763FB-583C-4E09-BE4E-8475C064AEBF}"
EndProject
Global
	GlobalSection(SolutionConfigurationPlatforms) = preSolution
		Debug|Any CPU = Debug|Any CPU
		Release|Any CPU = Release|Any CPU
	EndGlobalSection
	GlobalSection(ProjectConfigurationPlatforms) = postSolution
		{8B6763FB-583C-4E09-BE4E-8475C064AEBF}.Debug|Any CPU.ActiveCfg = Debug|Any CPU
		{8B6763FB-583C-4E09-BE4E-8475C064AEBF}.Debug|Any CPU.Build.0 = Debug|Any CPU
		{8B6763FB-583C-4E09-BE4E-8475C064AEBF}.Release|Any CPU.ActiveCfg = Release|Any CPU
		{8B6763FB-583C-4E09-BE4E-8475C064AEBF}.Release|Any CPU.Build.0 = Release|Any CPU
	EndGlobalSection
	GlobalSection(SolutionProperties) = preSolution
		HideSolutionNode = FALSE
	EndGlobalSection
EndGlobal
